<?xml version="1.0" encoding="UTF-8" standalone="yes" ?>
<CodeBlocks_project_file>
	<FileVersion major="1" minor="6" />
	<Project>
		<Option title="TestConsole" />
		<Option pch_mode="2" />
		<Option compiler="gcc" />
		<Build>
			<Target title="Debug">
				<Option output="bin/Debug/TestConsole" prefix_auto="1" extension_auto="1" />
				<Option object_output="obj/Debug/" />
				<Option type="1" />
				<Option compiler="gcc" />
				<Compiler>
					<Add option="-std=c++11" />
					<Add option="-m64" />
					<Add option="-g" />
				</Compiler>
				<Linker>
					<Add option="-m64" />
					<Add option="-pthread" />
					<Add library="../Process/bin/Debug/libProcess.a" />
					<Add library="../Common/bin/Debug/libCommon.a" />
					<Add library="../Entity/bin/Debug/libEntity.a" />
					<Add library="../NumericalAnalysis/bin/Debug/libNumericalAnalysis.a" />
				</Linker>
			</Target>
			<Target title="Release">
				<Option output="bin/Release/TestConsole" prefix_auto="1" extension_auto="1" />
				<Option object_output="obj/Release/" />
				<Option type="1" />
				<Option compiler="gcc" />
				<Compiler>
					<Add option="-O2" />
					<Add option="-std=c++11" />
				</Compiler>
				<Linker>
					<Add option="-s" />
					<Add option="-pthread" />
					<Add library="../Process/bin/Release/libProcess.a" />
					<Add library="../Common/bin/Release/libCommon.a" />
					<Add library="../Entity/bin/Release/libEntity.a" />
				</Linker>
			</Target>
		</Build>
		<Compiler>
			<Add option="-Wall" />
			<Add option="-std=c++11" />
			<Add option="-m64" />
			<Add option="-fexceptions" />
		</Compiler>
		<Linker>
			<Add option="-m64" />
			<Add directory="/usr/local/mysql/connector-c++-8.0/lib" />
		</Linker>
		<Unit filename="Unit_Tests/Test_Unit_CantierePrimes.cpp" />
		<Unit filename="Unit_Tests/Test_Unit_CantierePrimes.h" />
		<Unit filename="Unit_Tests/Test_Unit_Logger.cpp" />
		<Unit filename="Unit_Tests/Test_Unit_Logger.h" />
		<Unit filename="Unit_Tests/Test_Unit_MonteCarlo.cpp" />
		<Unit filename="Unit_Tests/Test_Unit_MonteCarlo.h" />
		<Unit filename="Unit_Tests/Test_Unit_PrimesFinder.cpp" />
		<Unit filename="Unit_Tests/Test_Unit_PrimesFinder.h" />
		<Unit filename="Unit_Tests/Test_Unit_RealAnalysis.cpp" />
		<Unit filename="Unit_Tests/Test_Unit_RealAnalysis.h" />
		<Unit filename="Unit_Tests/Test_Unit_selectInterval.cpp" />
		<Unit filename="Unit_Tests/Test_Unit_selectInterval.h" />
		<Unit filename="_doc/20221013_LogIntegral_secondPhase_.txt" />
		<Unit filename="_doc/AppConfig.txt" />
		<Unit filename="_doc/Cantina.txt" />
		<Unit filename="_doc/Ei_parametrization_.txt" />
		<Unit filename="_doc/Fantoccio.cpp">
			<Option compile="0" />
			<Option link="0" />
		</Unit>
		<Unit filename="_doc/LogIntegral_firstPhase_.txt" />
		<Unit filename="_doc/LogIntegral_highZone_cumul_safePoint_.txt" />
		<Unit filename="_doc/LogIntegral_highZone_safePoint_.txt" />
		<Unit filename="_doc/LogIntegral_secondPhase_.txt" />
		<Unit filename="_doc/PrimeIntegral_fromOrigin_.txt" />
		<Unit filename="_doc/PrimeIntegral_inCustomInterval_.txt" />
		<Unit filename="_doc/PrimeIntegral_inCustomInterval_W02_.txt" />
		<Unit filename="_doc/Schema_fattorizzazione_.docx" />
		<Unit filename="_doc/Sql_Primes_.txt.sql" />
		<Unit filename="_doc/ValgrindOut.xml" />
		<Unit filename="_doc/ZetaZero.txt" />
		<Unit filename="_doc/ZetaZeros_.ods" />
		<Unit filename="_doc/ZetaZeros_.txt" />
		<Unit filename="_doc/branch_howto_.txt" />
		<Unit filename="_doc/log_Valgrind_.log" />
		<Unit filename="_doc/sqlScript.txt" />
		<Unit filename="_doc/telExport_.txt" />
		<Unit filename="_doc/telExport_Excel_.xml" />
		<Unit filename="_doc/telExport_Excel_TAB_.txt" />
		<Unit filename="_doc/testResults_Complex_.txt" />
		<Unit filename="_doc/test_writeFileByWords_.txt" />
		<Unit filename="_doc/treeData.txt" />
		<Unit filename="_doc/writeVectorFieldR2Affine_.txt" />
		<Unit filename="main.cpp" />
		<Extensions>
			<lib_finder disable_auto="1" />
		</Extensions>
	</Project>
</CodeBlocks_project_file>
